// !$*UTF8*$!
{
	archiveVersion = 1;
	classes = {
	};
	objectVersion = 51;
	objects = {

/* Begin PBXBuildFile section */
		797093FC240D2359004E4F60 /* AppDelegate.m in Sources */ = {isa = PBXBuildFile; fileRef = 797093FB240D2359004E4F60 /* AppDelegate.m */; };
		79709402240D2359004E4F60 /* ViewController.m in Sources */ = {isa = PBXBuildFile; fileRef = 79709401240D2359004E4F60 /* ViewController.m */; };
		79709405240D2359004E4F60 /* Main.storyboard in Resources */ = {isa = PBXBuildFile; fileRef = 79709403240D2359004E4F60 /* Main.storyboard */; };
		79709407240D235C004E4F60 /* Assets.xcassets in Resources */ = {isa = PBXBuildFile; fileRef = 79709406240D235C004E4F60 /* Assets.xcassets */; };
		7970940A240D235C004E4F60 /* LaunchScreen.storyboard in Resources */ = {isa = PBXBuildFile; fileRef = 79709408240D235C004E4F60 /* LaunchScreen.storyboard */; };
		7970940D240D235C004E4F60 /* main.m in Sources */ = {isa = PBXBuildFile; fileRef = 7970940C240D235C004E4F60 /* main.m */; };
		7970945F240D2F49004E4F60 /* LCNavgationView.m in Sources */ = {isa = PBXBuildFile; fileRef = 7970945E240D2F49004E4F60 /* LCNavgationView.m */; };
		79709463240D3812004E4F60 /* LCHeaderRefreshView.m in Sources */ = {isa = PBXBuildFile; fileRef = 79709462240D3812004E4F60 /* LCHeaderRefreshView.m */; };
		A6C894150C622F04CEF4242A /* Pods_LCMoments.framework in Frameworks */ = {isa = PBXBuildFile; fileRef = 2E1A95FB42C3C2F085EE8D17 /* Pods_LCMoments.framework */; };
/* End PBXBuildFile section */

/* Begin PBXFileReference section */
		2E1A95FB42C3C2F085EE8D17 /* Pods_LCMoments.framework */ = {isa = PBXFileReference; explicitFileType = wrapper.framework; includeInIndex = 0; path = Pods_LCMoments.framework; sourceTree = BUILT_PRODUCTS_DIR; };
		44BCF5AF6258D7D0F1A30403 /* Pods-LCMoments.release.xcconfig */ = {isa = PBXFileReference; includeInIndex = 1; lastKnownFileType = text.xcconfig; name = "Pods-LCMoments.release.xcconfig"; path = "Target Support Files/Pods-LCMoments/Pods-LCMoments.release.xcconfig"; sourceTree = "<group>"; };
		797093F7240D2359004E4F60 /* LCMoments.app */ = {isa = PBXFileReference; explicitFileType = wrapper.application; includeInIndex = 0; path = LCMoments.app; sourceTree = BUILT_PRODUCTS_DIR; };
		797093FA240D2359004E4F60 /* AppDelegate.h */ = {isa = PBXFileReference; lastKnownFileType = sourcecode.c.h; path = AppDelegate.h; sourceTree = "<group>"; };
		797093FB240D2359004E4F60 /* AppDelegate.m */ = {isa = PBXFileReference; lastKnownFileType = sourcecode.c.objc; path = AppDelegate.m; sourceTree = "<group>"; };
		79709400240D2359004E4F60 /* ViewController.h */ = {isa = PBXFileReference; lastKnownFileType = sourcecode.c.h; path = ViewController.h; sourceTree = "<group>"; };
		79709401240D2359004E4F60 /* ViewController.m */ = {isa = PBXFileReference; lastKnownFileType = sourcecode.c.objc; path = ViewController.m; sourceTree = "<group>"; };
		79709404240D2359004E4F60 /* Base */ = {isa = PBXFileReference; lastKnownFileType = file.storyboard; name = Base; path = Base.lproj/Main.storyboard; sourceTree = "<group>"; };
		79709406240D235C004E4F60 /* Assets.xcassets */ = {isa = PBXFileReference; lastKnownFileType = folder.assetcatalog; path = Assets.xcassets; sourceTree = "<group>"; };
		79709409240D235C004E4F60 /* Base */ = {isa = PBXFileReference; lastKnownFileType = file.storyboard; name = Base; path = Base.lproj/LaunchScreen.storyboard; sourceTree = "<group>"; };
		7970940B240D235C004E4F60 /* Info.plist */ = {isa = PBXFileReference; lastKnownFileType = text.plist.xml; path = Info.plist; sourceTree = "<group>"; };
		7970940C240D235C004E4F60 /* main.m */ = {isa = PBXFileReference; lastKnownFileType = sourcecode.c.objc; path = main.m; sourceTree = "<group>"; };
		7970945D240D2F49004E4F60 /* LCNavgationView.h */ = {isa = PBXFileReference; lastKnownFileType = sourcecode.c.h; path = LCNavgationView.h; sourceTree = "<group>"; };
		7970945E240D2F49004E4F60 /* LCNavgationView.m */ = {isa = PBXFileReference; lastKnownFileType = sourcecode.c.objc; path = LCNavgationView.m; sourceTree = "<group>"; };
		79709460240D2FDD004E4F60 /* LCDefine.h */ = {isa = PBXFileReference; lastKnownFileType = sourcecode.c.h; path = LCDefine.h; sourceTree = "<group>"; };
		79709461240D3812004E4F60 /* LCHeaderRefreshView.h */ = {isa = PBXFileReference; lastKnownFileType = sourcecode.c.h; path = LCHeaderRefreshView.h; sourceTree = "<group>"; };
		79709462240D3812004E4F60 /* LCHeaderRefreshView.m */ = {isa = PBXFileReference; lastKnownFileType = sourcecode.c.objc; path = LCHeaderRefreshView.m; sourceTree = "<group>"; };
		C287E3ADFF4D70DB4D2E0F50 /* Pods-LCMoments.debug.xcconfig */ = {isa = PBXFileReference; includeInIndex = 1; lastKnownFileType = text.xcconfig; name = "Pods-LCMoments.debug.xcconfig"; path = "Target Support Files/Pods-LCMoments/Pods-LCMoments.debug.xcconfig"; sourceTree = "<group>"; };
/* End PBXFileReference section */

/* Begin PBXFrameworksBuildPhase section */
		797093F4240D2359004E4F60 /* Frameworks */ = {
			isa = PBXFrameworksBuildPhase;
			buildActionMask = 2147483647;
			files = (
				A6C894150C622F04CEF4242A /* Pods_LCMoments.framework in Frameworks */,
			);
			runOnlyForDeploymentPostprocessing = 0;
		};
/* End PBXFrameworksBuildPhase section */

/* Begin PBXGroup section */
		4299F471DF5C51B6C5677BED /* Frameworks */ = {
			isa = PBXGroup;
			children = (
				2E1A95FB42C3C2F085EE8D17 /* Pods_LCMoments.framework */,
			);
			name = Frameworks;
			sourceTree = "<group>";
		};
		797093EE240D2359004E4F60 = {
			isa = PBXGroup;
			children = (
				797093F9240D2359004E4F60 /* LCMoments */,
				797093F8240D2359004E4F60 /* Products */,
				C3805FE26E0262CDB8799B95 /* Pods */,
				4299F471DF5C51B6C5677BED /* Frameworks */,
			);
			sourceTree = "<group>";
		};
		797093F8240D2359004E4F60 /* Products */ = {
			isa = PBXGroup;
			children = (
				797093F7240D2359004E4F60 /* LCMoments.app */,
			);
			name = Products;
			sourceTree = "<group>";
		};
		797093F9240D2359004E4F60 /* LCMoments */ = {
			isa = PBXGroup;
			children = (
				797093FA240D2359004E4F60 /* AppDelegate.h */,
				797093FB240D2359004E4F60 /* AppDelegate.m */,
				79709400240D2359004E4F60 /* ViewController.h */,
				79709401240D2359004E4F60 /* ViewController.m */,
				7970945D240D2F49004E4F60 /* LCNavgationView.h */,
				7970945E240D2F49004E4F60 /* LCNavgationView.m */,
				79709461240D3812004E4F60 /* LCHeaderRefreshView.h */,
				79709462240D3812004E4F60 /* LCHeaderRefreshView.m */,
				79709460240D2FDD004E4F60 /* LCDefine.h */,
				79709403240D2359004E4F60 /* Main.storyboard */,
				79709406240D235C004E4F60 /* Assets.xcassets */,
				79709408240D235C004E4F60 /* LaunchScreen.storyboard */,
				7970940B240D235C004E4F60 /* Info.plist */,
				7970940C240D235C004E4F60 /* main.m */,
			);
			path = LCMoments;
			sourceTree = "<group>";
		};
		C3805FE26E0262CDB8799B95 /* Pods */ = {
			isa = PBXGroup;
			children = (
				C287E3ADFF4D70DB4D2E0F50 /* Pods-LCMoments.debug.xcconfig */,
				44BCF5AF6258D7D0F1A30403 /* Pods-LCMoments.release.xcconfig */,
			);
			path = Pods;
			sourceTree = "<group>";
		};
/* End PBXGroup section */

/* Begin PBXNativeTarget section */
		797093F6240D2359004E4F60 /* LCMoments */ = {
			isa = PBXNativeTarget;
			buildConfigurationList = 79709410240D235C004E4F60 /* Build configuration list for PBXNativeTarget "LCMoments" */;
			buildPhases = (
				30CBB4E6E26683FF0A716316 /* [CP] Check Pods Manifest.lock */,
				797093F3240D2359004E4F60 /* Sources */,
				797093F4240D2359004E4F60 /* Frameworks */,
				797093F5240D2359004E4F60 /* Resources */,
				F86414010CBECF5797A65115 /* [CP] Embed Pods Frameworks */,
			);
			buildRules = (
			);
			dependencies = (
			);
			name = LCMoments;
			productName = LCMoments;
			productReference = 797093F7240D2359004E4F60 /* LCMoments.app */;
			productType = "com.apple.product-type.application";
		};
/* End PBXNativeTarget section */

/* Begin PBXProject section */
		797093EF240D2359004E4F60 /* Project object */ = {
			isa = PBXProject;
			attributes = {
				LastUpgradeCheck = 1130;
				ORGANIZATIONNAME = Richard;
				TargetAttributes = {
					797093F6240D2359004E4F60 = {
						CreatedOnToolsVersion = 11.3;
					};
				};
			};
			buildConfigurationList = 797093F2240D2359004E4F60 /* Build configuration list for PBXProject "LCMoments" */;
			compatibilityVersion = "Xcode 9.3";
			developmentRegion = en;
			hasScannedForEncodings = 0;
			knownRegions = (
				en,
				Base,
			);
			mainGroup = 797093EE240D2359004E4F60;
			productRefGroup = 797093F8240D2359004E4F60 /* Products */;
			projectDirPath = "";
			projectRoot = "";
			targets = (
				797093F6240D2359004E4F60 /* LCMoments */,
			);
		};
/* End PBXProject section */

/* Begin PBXResourcesBuildPhase section */
		797093F5240D2359004E4F60 /* Resources */ = {
			isa = PBXResourcesBuildPhase;
			buildActionMask = 2147483647;
			files = (
				7970940A240D235C004E4F60 /* LaunchScreen.storyboard in Resources */,
				79709407240D235C004E4F60 /* Assets.xcassets in Resources */,
				79709405240D2359004E4F60 /* Main.storyboard in Resources */,
			);
			runOnlyForDeploymentPostprocessing = 0;
		};
/* End PBXResourcesBuildPhase section */

/* Begin PBXShellScriptBuildPhase section */
		30CBB4E6E26683FF0A716316 /* [CP] Check Pods Manifest.lock */ = {
			isa = PBXShellScriptBuildPhase;
			buildActionMask = 2147483647;
			files = (
			);
			inputFileListPaths = (
			);
			inputPaths = (
				"${PODS_PODFILE_DIR_PATH}/Podfile.lock",
				"${PODS_ROOT}/Manifest.lock",
			);
			name = "[CP] Check Pods Manifest.lock";
			outputFileListPaths = (
			);
			outputPaths = (
				"$(DERIVED_FILE_DIR)/Pods-LCMoments-checkManifestLockResult.txt",
			);
			runOnlyForDeploymentPostprocessing = 0;
			shellPath = /bin/sh;
			shellScript = "diff \"${PODS_PODFILE_DIR_PATH}/Podfile.lock\" \"${PODS_ROOT}/Manifest.lock\" > /dev/null\nif [ $? != 0 ] ; then\n    # print error to STDERR\n    echo \"error: The sandbox is not in sync with the Podfile.lock. Run 'pod install' or update your CocoaPods installation.\" >&2\n    exit 1\nfi\n# This output is used by Xcode 'outputs' to avoid re-running this script phase.\necho \"SUCCESS\" > \"${SCRIPT_OUTPUT_FILE_0}\"\n";
			showEnvVarsInLog = 0;
		};
		F86414010CBECF5797A65115 /* [CP] Embed Pods Frameworks */ = {
			isa = PBXShellScriptBuildPhase;
			buildActionMask = 2147483647;
			files = (
			);
			inputFileListPaths = (
				"${PODS_ROOT}/Target Support Files/Pods-LCMoments/Pods-LCMoments-frameworks-${CONFIGURATION}-input-files.xcfilelist",
			);
			name = "[CP] Embed Pods Frameworks";
			outputFileListPaths = (
				"${PODS_ROOT}/Target Support Files/Pods-LCMoments/Pods-LCMoments-frameworks-${CONFIGURATION}-output-files.xcfilelist",
			);
			runOnlyForDeploymentPostprocessing = 0;
			shellPath = /bin/sh;
			shellScript = "\"${PODS_ROOT}/Target Support Files/Pods-LCMoments/Pods-LCMoments-frameworks.sh\"\n";
			showEnvVarsInLog = 0;
		};
/* End PBXShellScriptBuildPhase section */

/* Begin PBXSourcesBuildPhase section */
		797093F3240D2359004E4F60 /* Sources */ = {
			isa = PBXSourcesBuildPhase;
			buildActionMask = 2147483647;
			files = (
				79709402240D2359004E4F60 /* ViewController.m in Sources */,
				79709463240D3812004E4F60 /* LCHeaderRefreshView.m in Sources */,
				7970945F240D2F49004E4F60 /* LCNavgationView.m in Sources */,
				797093FC240D2359004E4F60 /* AppDelegate.m in Sources */,
				7970940D240D235C004E4F60 /* main.m in Sources */,
			);
			runOnlyForDeploymentPostprocessing = 0;
		};
/* End PBXSourcesBuildPhase section */

/* Begin PBXVariantGroup section */
		79709403240D2359004E4F60 /* Main.storyboard */ = {
			isa = PBXVariantGroup;
			children = (
				79709404240D2359004E4F60 /* Base */,
			);
			name = Main.storyboard;
			sourceTree = "<group>";
		};
		79709408240D235C004E4F60 /* LaunchScreen.storyboard */ = {
			isa = PBXVariantGroup;
			children = (
				79709409240D235C004E4F60 /* Base */,
			);
			name = LaunchScreen.storyboard;
			sourceTree = "<group>";
		};
/* End PBXVariantGroup section */

/* Begin XCBuildConfiguration section */
		7970940E240D235C004E4F60 /* Debug */ = {
			isa = XCBuildConfiguration;
			buildSettings = {
				ALWAYS_SEARCH_USER_PATHS = NO;
				CLANG_ANALYZER_NONNULL = YES;
				CLANG_ANALYZER_NUMBER_OBJECT_CONVERSION = YES_AGGRESSIVE;
				CLANG_CXX_LANGUAGE_STANDARD = "gnu++14";
				CLANG_CXX_LIBRARY = "libc++";
				CLANG_ENABLE_MODULES = YES;
				CLANG_ENABLE_OBJC_ARC = YES;
				CLANG_ENABLE_OBJC_WEAK = YES;
				CLANG_WARN_BLOCK_CAPTURE_AUTORELEASING = YES;
				CLANG_WARN_BOOL_CONVERSION = YES;
				CLANG_WARN_COMMA = YES;
				CLANG_WARN_CONSTANT_CONVERSION = YES;
				CLANG_WARN_DEPRECATED_OBJC_IMPLEMENTATIONS = YES;
				CLANG_WARN_DIRECT_OBJC_ISA_USAGE = YES_ERROR;
				CLANG_WARN_DOCUMENTATION_COMMENTS = YES;
				CLANG_WARN_EMPTY_BODY = YES;
				CLANG_WARN_ENUM_CONVERSION = YES;
				CLANG_WARN_INFINITE_RECURSION = YES;
				CLANG_WARN_INT_CONVERSION = YES;
				CLANG_WARN_NON_LITERAL_NULL_CONVERSION = YES;
				CLANG_WARN_OBJC_IMPLICIT_RETAIN_SELF = YES;
				CLANG_WARN_OBJC_LITERAL_CONVERSION = YES;
				CLANG_WARN_OBJC_ROOT_CLASS = YES_ERROR;
				CLANG_WARN_RANGE_LOOP_ANALYSIS = YES;
				CLANG_WARN_STRICT_PROTOTYPES = YES;
				CLANG_WARN_SUSPICIOUS_MOVE = YES;
				CLANG_WARN_UNGUARDED_AVAILABILITY = YES_AGGRESSIVE;
				CLANG_WARN_UNREACHABLE_CODE = YES;
				CLANG_WARN__DUPLICATE_METHOD_MATCH = YES;
				COPY_PHASE_STRIP = NO;
				DEBUG_INFORMATION_FORMAT = dwarf;
				ENABLE_STRICT_OBJC_MSGSEND = YES;
				ENABLE_TESTABILITY = YES;
				GCC_C_LANGUAGE_STANDARD = gnu11;
				GCC_DYNAMIC_NO_PIC = NO;
				GCC_NO_COMMON_BLOCKS = YES;
				GCC_OPTIMIZATION_LEVEL = 0;
				GCC_PREPROCESSOR_DEFINITIONS = (
					"DEBUG=1",
					"$(inherited)",
				);
				GCC_WARN_64_TO_32_BIT_CONVERSION = YES;
				GCC_WARN_ABOUT_RETURN_TYPE = YES_ERROR;
				GCC_WARN_UNDECLARED_SELECTOR = YES;
				GCC_WARN_UNINITIALIZED_AUTOS = YES_AGGRESSIVE;
				GCC_WARN_UNUSED_FUNCTION = YES;
				GCC_WARN_UNUSED_VARIABLE = YES;
				IPHONEOS_DEPLOYMENT_TARGET = 9.0;
				MTL_ENABLE_DEBUG_INFO = INCLUDE_SOURCE;
				MTL_FAST_MATH = YES;
				ONLY_ACTIVE_ARCH = YES;
				SDKROOT = iphoneos;
			};
			name = Debug;
		};
		7970940F240D235C004E4F60 /* Release */ = {
			isa = XCBuildConfiguration;
			buildSettings = {
				ALWAYS_SEARCH_USER_PATHS = NO;
				CLANG_ANALYZER_NONNULL = YES;
				CLANG_ANALYZER_NUMBER_OBJECT_CONVERSION = YES_AGGRESSIVE;
				CLANG_CXX_LANGUAGE_STANDARD = "gnu++14";
				CLANG_CXX_LIBRARY = "libc++";
				CLANG_ENABLE_MODULES = YES;
				CLANG_ENABLE_OBJC_ARC = YES;
				CLANG_ENABLE_OBJC_WEAK = YES;
				CLANG_WARN_BLOCK_CAPTURE_AUTORELEASING = YES;
				CLANG_WARN_BOOL_CONVERSION = YES;
				CLANG_WARN_COMMA = YES;
				CLANG_WARN_CONSTANT_CONVERSION = YES;
				CLANG_WARN_DEPRECATED_OBJC_IMPLEMENTATIONS = YES;
				CLANG_WARN_DIRECT_OBJC_ISA_USAGE = YES_ERROR;
				CLANG_WARN_DOCUMENTATION_COMMENTS = YES;
				CLANG_WARN_EMPTY_BODY = YES;
				CLANG_WARN_ENUM_CONVERSION = YES;
				CLANG_WARN_INFINITE_RECURSION = YES;
				CLANG_WARN_INT_CONVERSION = YES;
				CLANG_WARN_NON_LITERAL_NULL_CONVERSION = YES;
				CLANG_WARN_OBJC_IMPLICIT_RETAIN_SELF = YES;
				CLANG_WARN_OBJC_LITERAL_CONVERSION = YES;
				CLANG_WARN_OBJC_ROOT_CLASS = YES_ERROR;
				CLANG_WARN_RANGE_LOOP_ANALYSIS = YES;
				CLANG_WARN_STRICT_PROTOTYPES = YES;
				CLANG_WARN_SUSPICIOUS_MOVE = YES;
				CLANG_WARN_UNGUARDED_AVAILABILITY = YES_AGGRESSIVE;
				CLANG_WARN_UNREACHABLE_CODE = YES;
				CLANG_WARN__DUPLICATE_METHOD_MATCH = YES;
				COPY_PHASE_STRIP = NO;
				DEBUG_INFORMATION_FORMAT = "dwarf-with-dsym";
				ENABLE_NS_ASSERTIONS = NO;
				ENABLE_STRICT_OBJC_MSGSEND = YES;
				GCC_C_LANGUAGE_STANDARD = gnu11;
				GCC_NO_COMMON_BLOCKS = YES;
				GCC_WARN_64_TO_32_BIT_CONVERSION = YES;
				GCC_WARN_ABOUT_RETURN_TYPE = YES_ERROR;
				GCC_WARN_UNDECLARED_SELECTOR = YES;
				GCC_WARN_UNINITIALIZED_AUTOS = YES_AGGRESSIVE;
				GCC_WARN_UNUSED_FUNCTION = YES;
				GCC_WARN_UNUSED_VARIABLE = YES;
				IPHONEOS_DEPLOYMENT_TARGET = 9.0;
				MTL_ENABLE_DEBUG_INFO = NO;
				MTL_FAST_MATH = YES;
				SDKROOT = iphoneos;
				VALIDATE_PRODUCT = YES;
			};
			name = Release;
		};
		79709411240D235C004E4F60 /* Debug */ = {
			isa = XCBuildConfiguration;
			baseConfigurationReference = C287E3ADFF4D70DB4D2E0F50 /* Pods-LCMoments.debug.xcconfig */;
			buildSettings = {
				ASSETCATALOG_COMPILER_APPICON_NAME = AppIcon;
				CODE_SIGN_STYLE = Automatic;
				DEVELOPMENT_TEAM = DGT9C327YY;
				INFOPLIST_FILE = LCMoments/Info.plist;
				LD_RUNPATH_SEARCH_PATHS = (
					"$(inherited)",
					"@executable_path/Frameworks",
				);
				PRODUCT_BUNDLE_IDENTIFIER = com.geetest.onelogin.pro.demo.LCMoments;
				PRODUCT_NAME = "$(TARGET_NAME)";
				TARGETED_DEVICE_FAMILY = "1,2";
			};
			name = Debug;
		};
		79709412240D235C004E4F60 /* Release */ = {
			isa = XCBuildConfiguration;
			baseConfigurationReference = 44BCF5AF6258D7D0F1A30403 /* Pods-LCMoments.release.xcconfig */;
			buildSettings = {
				ASSETCATALOG_COMPILER_APPICON_NAME = AppIcon;
				CODE_SIGN_STYLE = Automatic;
				DEVELOPMENT_TEAM = DGT9C327YY;
				INFOPLIST_FILE = LCMoments/Info.plist;
				LD_RUNPATH_SEARCH_PATHS = (
					"$(inherited)",
					"@executable_path/Frameworks",
				);
				PRODUCT_BUNDLE_IDENTIFIER = com.geetest.onelogin.pro.demo.LCMoments;
				PRODUCT_NAME = "$(TARGET_NAME)";
				TARGETED_DEVICE_FAMILY = "1,2";
			};
			name = Release;
		};
/* End XCBuildConfiguration section */

/* Begin XCConfigurationList section */
		797093F2240D2359004E4F60 /* Build configuration list for PBXProject "LCMoments" */ = {
			isa = XCConfigurationList;
			buildConfigurations = (
				7970940E240D235C004E4F60 /* Debug */,
				7970940F240D235C004E4F60 /* Release */,
			);
			defaultConfigurationIsVisible = 0;
			defaultConfigurationName = Release;
		};
		79709410240D235C004E4F60 /* Build configuration list for PBXNativeTarget "LCMoments" */ = {
			isa = XCConfigurationList;
			buildConfigurations = (
				79709411240D235C004E4F60 /* Debug */,
				79709412240D235C004E4F60 /* Release */,
			);
			defaultConfigurationIsVisible = 0;
			defaultConfigurationName = Release;
		};
/* End XCConfigurationList section */
	};
	rootObject = 797093EF240D2359004E4F60 /* Project object */;
}
